// !$*UTF8*$!
{
	archiveVersion = 1;
	classes = {
	};
	objectVersion = 55;
	objects = {

/* Begin PBXBuildFile section */
		04FF69BF28717B2E00FBF6E9 /* AppDelegate.swift in Sources */ = {isa = PBXBuildFile; fileRef = 04FF69BE28717B2E00FBF6E9 /* AppDelegate.swift */; };
		04FF69C128717B2E00FBF6E9 /* SceneDelegate.swift in Sources */ = {isa = PBXBuildFile; fileRef = 04FF69C028717B2E00FBF6E9 /* SceneDelegate.swift */; };
		04FF69C828717B3000FBF6E9 /* Assets.xcassets in Resources */ = {isa = PBXBuildFile; fileRef = 04FF69C728717B3000FBF6E9 /* Assets.xcassets */; };
		04FF69CB28717B3000FBF6E9 /* LaunchScreen.storyboard in Resources */ = {isa = PBXBuildFile; fileRef = 04FF69C928717B3000FBF6E9 /* LaunchScreen.storyboard */; };
		04FF69D3287180B600FBF6E9 /* SearchVC.swift in Sources */ = {isa = PBXBuildFile; fileRef = 04FF69D2287180B600FBF6E9 /* SearchVC.swift */; };
		04FF69D52871810C00FBF6E9 /* FavoritesListVC.swift in Sources */ = {isa = PBXBuildFile; fileRef = 04FF69D42871810C00FBF6E9 /* FavoritesListVC.swift */; };
		04FF69D728718B1800FBF6E9 /* GHButton.swift in Sources */ = {isa = PBXBuildFile; fileRef = 04FF69D628718B1800FBF6E9 /* GHButton.swift */; };
		04FF69D928718E2700FBF6E9 /* GHTextField.swift in Sources */ = {isa = PBXBuildFile; fileRef = 04FF69D828718E2700FBF6E9 /* GHTextField.swift */; };
		04FF69DB2871A10000FBF6E9 /* FollowersVC.swift in Sources */ = {isa = PBXBuildFile; fileRef = 04FF69DA2871A10000FBF6E9 /* FollowersVC.swift */; };
		04FF69DD2871C2F600FBF6E9 /* GHTitleLabel.swift in Sources */ = {isa = PBXBuildFile; fileRef = 04FF69DC2871C2F600FBF6E9 /* GHTitleLabel.swift */; };
		04FF69DF2871C51700FBF6E9 /* GHBodyLabel.swift in Sources */ = {isa = PBXBuildFile; fileRef = 04FF69DE2871C51700FBF6E9 /* GHBodyLabel.swift */; };
		04FF69E12871C66800FBF6E9 /* GHAlertVC.swift in Sources */ = {isa = PBXBuildFile; fileRef = 04FF69E02871C66800FBF6E9 /* GHAlertVC.swift */; };
		04FF69E32871D3F700FBF6E9 /* UIViewController+Ext.swift in Sources */ = {isa = PBXBuildFile; fileRef = 04FF69E22871D3F700FBF6E9 /* UIViewController+Ext.swift */; };
		04FF69EA28728CAF00FBF6E9 /* Follower.swift in Sources */ = {isa = PBXBuildFile; fileRef = 04FF69E928728CAF00FBF6E9 /* Follower.swift */; };
		04FF69EC28728CE400FBF6E9 /* User.swift in Sources */ = {isa = PBXBuildFile; fileRef = 04FF69EB28728CE400FBF6E9 /* User.swift */; };
		04FF69EF2872939900FBF6E9 /* NetworkManager.swift in Sources */ = {isa = PBXBuildFile; fileRef = 04FF69EE2872939900FBF6E9 /* NetworkManager.swift */; };
		04FF69F22872AD9700FBF6E9 /* ErrorMessage.swift in Sources */ = {isa = PBXBuildFile; fileRef = 04FF69F12872AD9700FBF6E9 /* ErrorMessage.swift */; };
		04FF69F52872CF8100FBF6E9 /* FollowerCell.swift in Sources */ = {isa = PBXBuildFile; fileRef = 04FF69F42872CF8100FBF6E9 /* FollowerCell.swift */; };
		04FF69F72872CFF300FBF6E9 /* GHAvatarImageView.swift in Sources */ = {isa = PBXBuildFile; fileRef = 04FF69F62872CFF300FBF6E9 /* GHAvatarImageView.swift */; };
		04FF69FF2873F5ED00FBF6E9 /* GHEmptyStateView.swift in Sources */ = {isa = PBXBuildFile; fileRef = 04FF69FE2873F5ED00FBF6E9 /* GHEmptyStateView.swift */; };
/* End PBXBuildFile section */

/* Begin PBXFileReference section */
		04FF69BB28717B2E00FBF6E9 /* GHFollowers Application.app */ = {isa = PBXFileReference; explicitFileType = wrapper.application; includeInIndex = 0; path = "GHFollowers Application.app"; sourceTree = BUILT_PRODUCTS_DIR; };
		04FF69BE28717B2E00FBF6E9 /* AppDelegate.swift */ = {isa = PBXFileReference; lastKnownFileType = sourcecode.swift; path = AppDelegate.swift; sourceTree = "<group>"; };
		04FF69C028717B2E00FBF6E9 /* SceneDelegate.swift */ = {isa = PBXFileReference; lastKnownFileType = sourcecode.swift; path = SceneDelegate.swift; sourceTree = "<group>"; };
		04FF69C728717B3000FBF6E9 /* Assets.xcassets */ = {isa = PBXFileReference; lastKnownFileType = folder.assetcatalog; path = Assets.xcassets; sourceTree = "<group>"; };
		04FF69CA28717B3000FBF6E9 /* Base */ = {isa = PBXFileReference; lastKnownFileType = file.storyboard; name = Base; path = Base.lproj/LaunchScreen.storyboard; sourceTree = "<group>"; };
		04FF69CC28717B3000FBF6E9 /* Info.plist */ = {isa = PBXFileReference; lastKnownFileType = text.plist.xml; path = Info.plist; sourceTree = "<group>"; };
		04FF69D2287180B600FBF6E9 /* SearchVC.swift */ = {isa = PBXFileReference; lastKnownFileType = sourcecode.swift; path = SearchVC.swift; sourceTree = "<group>"; };
		04FF69D42871810C00FBF6E9 /* FavoritesListVC.swift */ = {isa = PBXFileReference; lastKnownFileType = sourcecode.swift; path = FavoritesListVC.swift; sourceTree = "<group>"; };
		04FF69D628718B1800FBF6E9 /* GHButton.swift */ = {isa = PBXFileReference; lastKnownFileType = sourcecode.swift; path = GHButton.swift; sourceTree = "<group>"; };
		04FF69D828718E2700FBF6E9 /* GHTextField.swift */ = {isa = PBXFileReference; lastKnownFileType = sourcecode.swift; path = GHTextField.swift; sourceTree = "<group>"; };
		04FF69DA2871A10000FBF6E9 /* FollowersVC.swift */ = {isa = PBXFileReference; lastKnownFileType = sourcecode.swift; path = FollowersVC.swift; sourceTree = "<group>"; };
		04FF69DC2871C2F600FBF6E9 /* GHTitleLabel.swift */ = {isa = PBXFileReference; lastKnownFileType = sourcecode.swift; path = GHTitleLabel.swift; sourceTree = "<group>"; };
		04FF69DE2871C51700FBF6E9 /* GHBodyLabel.swift */ = {isa = PBXFileReference; lastKnownFileType = sourcecode.swift; path = GHBodyLabel.swift; sourceTree = "<group>"; };
		04FF69E02871C66800FBF6E9 /* GHAlertVC.swift */ = {isa = PBXFileReference; lastKnownFileType = sourcecode.swift; path = GHAlertVC.swift; sourceTree = "<group>"; };
		04FF69E22871D3F700FBF6E9 /* UIViewController+Ext.swift */ = {isa = PBXFileReference; lastKnownFileType = sourcecode.swift; path = "UIViewController+Ext.swift"; sourceTree = "<group>"; };
		04FF69E928728CAF00FBF6E9 /* Follower.swift */ = {isa = PBXFileReference; lastKnownFileType = sourcecode.swift; path = Follower.swift; sourceTree = "<group>"; };
		04FF69EB28728CE400FBF6E9 /* User.swift */ = {isa = PBXFileReference; lastKnownFileType = sourcecode.swift; path = User.swift; sourceTree = "<group>"; };
		04FF69EE2872939900FBF6E9 /* NetworkManager.swift */ = {isa = PBXFileReference; lastKnownFileType = sourcecode.swift; path = NetworkManager.swift; sourceTree = "<group>"; };
		04FF69F12872AD9700FBF6E9 /* ErrorMessage.swift */ = {isa = PBXFileReference; lastKnownFileType = sourcecode.swift; path = ErrorMessage.swift; sourceTree = "<group>"; };
		04FF69F42872CF8100FBF6E9 /* FollowerCell.swift */ = {isa = PBXFileReference; lastKnownFileType = sourcecode.swift; path = FollowerCell.swift; sourceTree = "<group>"; };
		04FF69F62872CFF300FBF6E9 /* GHAvatarImageView.swift */ = {isa = PBXFileReference; lastKnownFileType = sourcecode.swift; path = GHAvatarImageView.swift; sourceTree = "<group>"; };
		04FF69FE2873F5ED00FBF6E9 /* GHEmptyStateView.swift */ = {isa = PBXFileReference; lastKnownFileType = sourcecode.swift; path = GHEmptyStateView.swift; sourceTree = "<group>"; };
/* End PBXFileReference section */

/* Begin PBXFrameworksBuildPhase section */
		04FF69B828717B2E00FBF6E9 /* Frameworks */ = {
			isa = PBXFrameworksBuildPhase;
			buildActionMask = 2147483647;
			files = (
			);
			runOnlyForDeploymentPostprocessing = 0;
		};
/* End PBXFrameworksBuildPhase section */

/* Begin PBXGroup section */
		04FF69B228717B2E00FBF6E9 = {
			isa = PBXGroup;
			children = (
				04FF69BD28717B2E00FBF6E9 /* GHFollowers Application */,
				04FF69BC28717B2E00FBF6E9 /* Products */,
			);
			sourceTree = "<group>";
		};
		04FF69BC28717B2E00FBF6E9 /* Products */ = {
			isa = PBXGroup;
			children = (
				04FF69BB28717B2E00FBF6E9 /* GHFollowers Application.app */,
			);
			name = Products;
			sourceTree = "<group>";
		};
		04FF69BD28717B2E00FBF6E9 /* GHFollowers Application */ = {
			isa = PBXGroup;
			children = (
				04FF69F02872AD6C00FBF6E9 /* Utilities */,
				04FF69ED2872937C00FBF6E9 /* Managers */,
				04FF69E828728C9C00FBF6E9 /* Model */,
				04FF69CC28717B3000FBF6E9 /* Info.plist */,
				04FF69E72871F35100FBF6E9 /* Support */,
				04FF69E62871F01600FBF6E9 /* Extensions */,
				04FF69E52871EFF200FBF6E9 /* CustomViews */,
				04FF69E42871EFE100FBF6E9 /* Screens */,
			);
			path = "GHFollowers Application";
			sourceTree = "<group>";
		};
		04FF69E42871EFE100FBF6E9 /* Screens */ = {
			isa = PBXGroup;
			children = (
				04FF69D2287180B600FBF6E9 /* SearchVC.swift */,
				04FF69DA2871A10000FBF6E9 /* FollowersVC.swift */,
				04FF69D42871810C00FBF6E9 /* FavoritesListVC.swift */,
			);
			path = Screens;
			sourceTree = "<group>";
		};
		04FF69E52871EFF200FBF6E9 /* CustomViews */ = {
			isa = PBXGroup;
			children = (
				04FF69FD2873F59C00FBF6E9 /* Labels */,
				04FF69FC2873F57C00FBF6E9 /* TextFields */,
				04FF69FB2873F57200FBF6E9 /* ImageViews */,
				04FF69FA2873F55E00FBF6E9 /* ViewControllers */,
				04FF69F92873F54700FBF6E9 /* Buttons */,
				04FF69F82873F53B00FBF6E9 /* Views */,
				04FF69F32872CF5300FBF6E9 /* Cell */,
			);
			path = CustomViews;
			sourceTree = "<group>";
		};
		04FF69E62871F01600FBF6E9 /* Extensions */ = {
			isa = PBXGroup;
			children = (
				04FF69E22871D3F700FBF6E9 /* UIViewController+Ext.swift */,
			);
			path = Extensions;
			sourceTree = "<group>";
		};
		04FF69E72871F35100FBF6E9 /* Support */ = {
			isa = PBXGroup;
			children = (
				04FF69BE28717B2E00FBF6E9 /* AppDelegate.swift */,
				04FF69C028717B2E00FBF6E9 /* SceneDelegate.swift */,
				04FF69C728717B3000FBF6E9 /* Assets.xcassets */,
				04FF69C928717B3000FBF6E9 /* LaunchScreen.storyboard */,
			);
			path = Support;
			sourceTree = "<group>";
		};
		04FF69E828728C9C00FBF6E9 /* Model */ = {
			isa = PBXGroup;
			children = (
				04FF69E928728CAF00FBF6E9 /* Follower.swift */,
				04FF69EB28728CE400FBF6E9 /* User.swift */,
			);
			path = Model;
			sourceTree = "<group>";
		};
		04FF69ED2872937C00FBF6E9 /* Managers */ = {
			isa = PBXGroup;
			children = (
				04FF69EE2872939900FBF6E9 /* NetworkManager.swift */,
			);
			path = Managers;
			sourceTree = "<group>";
		};
		04FF69F02872AD6C00FBF6E9 /* Utilities */ = {
			isa = PBXGroup;
			children = (
				04FF69F12872AD9700FBF6E9 /* ErrorMessage.swift */,
			);
			path = Utilities;
			sourceTree = "<group>";
		};
		04FF69F32872CF5300FBF6E9 /* Cell */ = {
			isa = PBXGroup;
			children = (
				04FF69F42872CF8100FBF6E9 /* FollowerCell.swift */,
			);
			path = Cell;
			sourceTree = "<group>";
		};
		04FF69F82873F53B00FBF6E9 /* Views */ = {
			isa = PBXGroup;
			children = (
				04FF69FE2873F5ED00FBF6E9 /* GHEmptyStateView.swift */,
			);
			path = Views;
			sourceTree = "<group>";
		};
		04FF69F92873F54700FBF6E9 /* Buttons */ = {
			isa = PBXGroup;
			children = (
				04FF69D628718B1800FBF6E9 /* GHButton.swift */,
			);
			path = Buttons;
			sourceTree = "<group>";
		};
		04FF69FA2873F55E00FBF6E9 /* ViewControllers */ = {
			isa = PBXGroup;
			children = (
				04FF69E02871C66800FBF6E9 /* GHAlertVC.swift */,
			);
			path = ViewControllers;
			sourceTree = "<group>";
		};
		04FF69FB2873F57200FBF6E9 /* ImageViews */ = {
			isa = PBXGroup;
			children = (
				04FF69F62872CFF300FBF6E9 /* GHAvatarImageView.swift */,
			);
			path = ImageViews;
			sourceTree = "<group>";
		};
		04FF69FC2873F57C00FBF6E9 /* TextFields */ = {
			isa = PBXGroup;
			children = (
				04FF69D828718E2700FBF6E9 /* GHTextField.swift */,
			);
			path = TextFields;
			sourceTree = "<group>";
		};
		04FF69FD2873F59C00FBF6E9 /* Labels */ = {
			isa = PBXGroup;
			children = (
				04FF69DE2871C51700FBF6E9 /* GHBodyLabel.swift */,
				04FF69DC2871C2F600FBF6E9 /* GHTitleLabel.swift */,
			);
			path = Labels;
			sourceTree = "<group>";
		};
/* End PBXGroup section */

/* Begin PBXNativeTarget section */
		04FF69BA28717B2E00FBF6E9 /* GHFollowers Application */ = {
			isa = PBXNativeTarget;
			buildConfigurationList = 04FF69CF28717B3000FBF6E9 /* Build configuration list for PBXNativeTarget "GHFollowers Application" */;
			buildPhases = (
				04FF69B728717B2E00FBF6E9 /* Sources */,
				04FF69B828717B2E00FBF6E9 /* Frameworks */,
				04FF69B928717B2E00FBF6E9 /* Resources */,
			);
			buildRules = (
			);
			dependencies = (
			);
			name = "GHFollowers Application";
			productName = "GHFollowers Application";
			productReference = 04FF69BB28717B2E00FBF6E9 /* GHFollowers Application.app */;
			productType = "com.apple.product-type.application";
		};
/* End PBXNativeTarget section */

/* Begin PBXProject section */
		04FF69B328717B2E00FBF6E9 /* Project object */ = {
			isa = PBXProject;
			attributes = {
				BuildIndependentTargetsInParallel = 1;
				LastSwiftUpdateCheck = 1320;
				LastUpgradeCheck = 1320;
				TargetAttributes = {
					04FF69BA28717B2E00FBF6E9 = {
						CreatedOnToolsVersion = 13.2.1;
					};
				};
			};
			buildConfigurationList = 04FF69B628717B2E00FBF6E9 /* Build configuration list for PBXProject "GHFollowers Application" */;
			compatibilityVersion = "Xcode 13.0";
			developmentRegion = en;
			hasScannedForEncodings = 0;
			knownRegions = (
				en,
				Base,
			);
			mainGroup = 04FF69B228717B2E00FBF6E9;
			productRefGroup = 04FF69BC28717B2E00FBF6E9 /* Products */;
			projectDirPath = "";
			projectRoot = "";
			targets = (
				04FF69BA28717B2E00FBF6E9 /* GHFollowers Application */,
			);
		};
/* End PBXProject section */

/* Begin PBXResourcesBuildPhase section */
		04FF69B928717B2E00FBF6E9 /* Resources */ = {
			isa = PBXResourcesBuildPhase;
			buildActionMask = 2147483647;
			files = (
				04FF69CB28717B3000FBF6E9 /* LaunchScreen.storyboard in Resources */,
				04FF69C828717B3000FBF6E9 /* Assets.xcassets in Resources */,
			);
			runOnlyForDeploymentPostprocessing = 0;
		};
/* End PBXResourcesBuildPhase section */

/* Begin PBXSourcesBuildPhase section */
		04FF69B728717B2E00FBF6E9 /* Sources */ = {
			isa = PBXSourcesBuildPhase;
			buildActionMask = 2147483647;
			files = (
				04FF69EC28728CE400FBF6E9 /* User.swift in Sources */,
				04FF69D52871810C00FBF6E9 /* FavoritesListVC.swift in Sources */,
				04FF69D728718B1800FBF6E9 /* GHButton.swift in Sources */,
				04FF69DB2871A10000FBF6E9 /* FollowersVC.swift in Sources */,
				04FF69E32871D3F700FBF6E9 /* UIViewController+Ext.swift in Sources */,
				04FF69D928718E2700FBF6E9 /* GHTextField.swift in Sources */,
				04FF69D3287180B600FBF6E9 /* SearchVC.swift in Sources */,
				04FF69F52872CF8100FBF6E9 /* FollowerCell.swift in Sources */,
				04FF69F22872AD9700FBF6E9 /* ErrorMessage.swift in Sources */,
				04FF69BF28717B2E00FBF6E9 /* AppDelegate.swift in Sources */,
				04FF69EA28728CAF00FBF6E9 /* Follower.swift in Sources */,
				04FF69DF2871C51700FBF6E9 /* GHBodyLabel.swift in Sources */,
				04FF69EF2872939900FBF6E9 /* NetworkManager.swift in Sources */,
				04FF69F72872CFF300FBF6E9 /* GHAvatarImageView.swift in Sources */,
				04FF69E12871C66800FBF6E9 /* GHAlertVC.swift in Sources */,
				04FF69DD2871C2F600FBF6E9 /* GHTitleLabel.swift in Sources */,
				04FF69C128717B2E00FBF6E9 /* SceneDelegate.swift in Sources */,
				04FF69FF2873F5ED00FBF6E9 /* GHEmptyStateView.swift in Sources */,
			);
			runOnlyForDeploymentPostprocessing = 0;
		};
/* End PBXSourcesBuildPhase section */

/* Begin PBXVariantGroup section */
		04FF69C928717B3000FBF6E9 /* LaunchScreen.storyboard */ = {
			isa = PBXVariantGroup;
			children = (
				04FF69CA28717B3000FBF6E9 /* Base */,
			);
			name = LaunchScreen.storyboard;
			sourceTree = "<group>";
		};
/* End PBXVariantGroup section */

/* Begin XCBuildConfiguration section */
		04FF69CD28717B3000FBF6E9 /* Debug */ = {
			isa = XCBuildConfiguration;
			buildSettings = {
				ALWAYS_SEARCH_USER_PATHS = NO;
				CLANG_ANALYZER_NONNULL = YES;
				CLANG_ANALYZER_NUMBER_OBJECT_CONVERSION = YES_AGGRESSIVE;
				CLANG_CXX_LANGUAGE_STANDARD = "gnu++17";
				CLANG_CXX_LIBRARY = "libc++";
				CLANG_ENABLE_MODULES = YES;
				CLANG_ENABLE_OBJC_ARC = YES;
				CLANG_ENABLE_OBJC_WEAK = YES;
				CLANG_WARN_BLOCK_CAPTURE_AUTORELEASING = YES;
				CLANG_WARN_BOOL_CONVERSION = YES;
				CLANG_WARN_COMMA = YES;
				CLANG_WARN_CONSTANT_CONVERSION = YES;
				CLANG_WARN_DEPRECATED_OBJC_IMPLEMENTATIONS = YES;
				CLANG_WARN_DIRECT_OBJC_ISA_USAGE = YES_ERROR;
				CLANG_WARN_DOCUMENTATION_COMMENTS = YES;
				CLANG_WARN_EMPTY_BODY = YES;
				CLANG_WARN_ENUM_CONVERSION = YES;
				CLANG_WARN_INFINITE_RECURSION = YES;
				CLANG_WARN_INT_CONVERSION = YES;
				CLANG_WARN_NON_LITERAL_NULL_CONVERSION = YES;
				CLANG_WARN_OBJC_IMPLICIT_RETAIN_SELF = YES;
				CLANG_WARN_OBJC_LITERAL_CONVERSION = YES;
				CLANG_WARN_OBJC_ROOT_CLASS = YES_ERROR;
				CLANG_WARN_QUOTED_INCLUDE_IN_FRAMEWORK_HEADER = YES;
				CLANG_WARN_RANGE_LOOP_ANALYSIS = YES;
				CLANG_WARN_STRICT_PROTOTYPES = YES;
				CLANG_WARN_SUSPICIOUS_MOVE = YES;
				CLANG_WARN_UNGUARDED_AVAILABILITY = YES_AGGRESSIVE;
				CLANG_WARN_UNREACHABLE_CODE = YES;
				CLANG_WARN__DUPLICATE_METHOD_MATCH = YES;
				COPY_PHASE_STRIP = NO;
				DEBUG_INFORMATION_FORMAT = dwarf;
				ENABLE_STRICT_OBJC_MSGSEND = YES;
				ENABLE_TESTABILITY = YES;
				GCC_C_LANGUAGE_STANDARD = gnu11;
				GCC_DYNAMIC_NO_PIC = NO;
				GCC_NO_COMMON_BLOCKS = YES;
				GCC_OPTIMIZATION_LEVEL = 0;
				GCC_PREPROCESSOR_DEFINITIONS = (
					"DEBUG=1",
					"$(inherited)",
				);
				GCC_WARN_64_TO_32_BIT_CONVERSION = YES;
				GCC_WARN_ABOUT_RETURN_TYPE = YES_ERROR;
				GCC_WARN_UNDECLARED_SELECTOR = YES;
				GCC_WARN_UNINITIALIZED_AUTOS = YES_AGGRESSIVE;
				GCC_WARN_UNUSED_FUNCTION = YES;
				GCC_WARN_UNUSED_VARIABLE = YES;
				IPHONEOS_DEPLOYMENT_TARGET = 15.2;
				MTL_ENABLE_DEBUG_INFO = INCLUDE_SOURCE;
				MTL_FAST_MATH = YES;
				ONLY_ACTIVE_ARCH = YES;
				SDKROOT = iphoneos;
				SWIFT_ACTIVE_COMPILATION_CONDITIONS = DEBUG;
				SWIFT_OPTIMIZATION_LEVEL = "-Onone";
			};
			name = Debug;
		};
		04FF69CE28717B3000FBF6E9 /* Release */ = {
			isa = XCBuildConfiguration;
			buildSettings = {
				ALWAYS_SEARCH_USER_PATHS = NO;
				CLANG_ANALYZER_NONNULL = YES;
				CLANG_ANALYZER_NUMBER_OBJECT_CONVERSION = YES_AGGRESSIVE;
				CLANG_CXX_LANGUAGE_STANDARD = "gnu++17";
				CLANG_CXX_LIBRARY = "libc++";
				CLANG_ENABLE_MODULES = YES;
				CLANG_ENABLE_OBJC_ARC = YES;
				CLANG_ENABLE_OBJC_WEAK = YES;
				CLANG_WARN_BLOCK_CAPTURE_AUTORELEASING = YES;
				CLANG_WARN_BOOL_CONVERSION = YES;
				CLANG_WARN_COMMA = YES;
				CLANG_WARN_CONSTANT_CONVERSION = YES;
				CLANG_WARN_DEPRECATED_OBJC_IMPLEMENTATIONS = YES;
				CLANG_WARN_DIRECT_OBJC_ISA_USAGE = YES_ERROR;
				CLANG_WARN_DOCUMENTATION_COMMENTS = YES;
				CLANG_WARN_EMPTY_BODY = YES;
				CLANG_WARN_ENUM_CONVERSION = YES;
				CLANG_WARN_INFINITE_RECURSION = YES;
				CLANG_WARN_INT_CONVERSION = YES;
				CLANG_WARN_NON_LITERAL_NULL_CONVERSION = YES;
				CLANG_WARN_OBJC_IMPLICIT_RETAIN_SELF = YES;
				CLANG_WARN_OBJC_LITERAL_CONVERSION = YES;
				CLANG_WARN_OBJC_ROOT_CLASS = YES_ERROR;
				CLANG_WARN_QUOTED_INCLUDE_IN_FRAMEWORK_HEADER = YES;
				CLANG_WARN_RANGE_LOOP_ANALYSIS = YES;
				CLANG_WARN_STRICT_PROTOTYPES = YES;
				CLANG_WARN_SUSPICIOUS_MOVE = YES;
				CLANG_WARN_UNGUARDED_AVAILABILITY = YES_AGGRESSIVE;
				CLANG_WARN_UNREACHABLE_CODE = YES;
				CLANG_WARN__DUPLICATE_METHOD_MATCH = YES;
				COPY_PHASE_STRIP = NO;
				DEBUG_INFORMATION_FORMAT = "dwarf-with-dsym";
				ENABLE_NS_ASSERTIONS = NO;
				ENABLE_STRICT_OBJC_MSGSEND = YES;
				GCC_C_LANGUAGE_STANDARD = gnu11;
				GCC_NO_COMMON_BLOCKS = YES;
				GCC_WARN_64_TO_32_BIT_CONVERSION = YES;
				GCC_WARN_ABOUT_RETURN_TYPE = YES_ERROR;
				GCC_WARN_UNDECLARED_SELECTOR = YES;
				GCC_WARN_UNINITIALIZED_AUTOS = YES_AGGRESSIVE;
				GCC_WARN_UNUSED_FUNCTION = YES;
				GCC_WARN_UNUSED_VARIABLE = YES;
				IPHONEOS_DEPLOYMENT_TARGET = 15.2;
				MTL_ENABLE_DEBUG_INFO = NO;
				MTL_FAST_MATH = YES;
				SDKROOT = iphoneos;
				SWIFT_COMPILATION_MODE = wholemodule;
				SWIFT_OPTIMIZATION_LEVEL = "-O";
				VALIDATE_PRODUCT = YES;
			};
			name = Release;
		};
		04FF69D028717B3000FBF6E9 /* Debug */ = {
			isa = XCBuildConfiguration;
			buildSettings = {
				ASSETCATALOG_COMPILER_APPICON_NAME = AppIcon;
				ASSETCATALOG_COMPILER_GLOBAL_ACCENT_COLOR_NAME = AccentColor;
				CODE_SIGN_STYLE = Automatic;
				CURRENT_PROJECT_VERSION = 1;
				GENERATE_INFOPLIST_FILE = YES;
				INFOPLIST_FILE = "GHFollowers Application/Info.plist";
				INFOPLIST_KEY_UIApplicationSupportsIndirectInputEvents = YES;
				INFOPLIST_KEY_UILaunchStoryboardName = LaunchScreen;
				INFOPLIST_KEY_UISupportedInterfaceOrientations_iPad = "UIInterfaceOrientationPortrait UIInterfaceOrientationPortraitUpsideDown UIInterfaceOrientationLandscapeLeft UIInterfaceOrientationLandscapeRight";
				INFOPLIST_KEY_UISupportedInterfaceOrientations_iPhone = "UIInterfaceOrientationPortrait UIInterfaceOrientationLandscapeLeft UIInterfaceOrientationLandscapeRight";
				LD_RUNPATH_SEARCH_PATHS = (
					"$(inherited)",
					"@executable_path/Frameworks",
				);
				MARKETING_VERSION = 1.0;
				PRODUCT_BUNDLE_IDENTIFIER = "Olzhas.GHFollowers-Application";
				PRODUCT_NAME = "$(TARGET_NAME)";
				SWIFT_EMIT_LOC_STRINGS = YES;
				SWIFT_VERSION = 5.0;
				TARGETED_DEVICE_FAMILY = 1;
			};
			name = Debug;
		};
		04FF69D128717B3000FBF6E9 /* Release */ = {
			isa = XCBuildConfiguration;
			buildSettings = {
				ASSETCATALOG_COMPILER_APPICON_NAME = AppIcon;
				ASSETCATALOG_COMPILER_GLOBAL_ACCENT_COLOR_NAME = AccentColor;
				CODE_SIGN_STYLE = Automatic;
				CURRENT_PROJECT_VERSION = 1;
				GENERATE_INFOPLIST_FILE = YES;
				INFOPLIST_FILE = "GHFollowers Application/Info.plist";
				INFOPLIST_KEY_UIApplicationSupportsIndirectInputEvents = YES;
				INFOPLIST_KEY_UILaunchStoryboardName = LaunchScreen;
				INFOPLIST_KEY_UISupportedInterfaceOrientations_iPad = "UIInterfaceOrientationPortrait UIInterfaceOrientationPortraitUpsideDown UIInterfaceOrientationLandscapeLeft UIInterfaceOrientationLandscapeRight";
				INFOPLIST_KEY_UISupportedInterfaceOrientations_iPhone = "UIInterfaceOrientationPortrait UIInterfaceOrientationLandscapeLeft UIInterfaceOrientationLandscapeRight";
				LD_RUNPATH_SEARCH_PATHS = (
					"$(inherited)",
					"@executable_path/Frameworks",
				);
				MARKETING_VERSION = 1.0;
				PRODUCT_BUNDLE_IDENTIFIER = "Olzhas.GHFollowers-Application";
				PRODUCT_NAME = "$(TARGET_NAME)";
				SWIFT_EMIT_LOC_STRINGS = YES;
				SWIFT_VERSION = 5.0;
				TARGETED_DEVICE_FAMILY = 1;
			};
			name = Release;
		};
/* End XCBuildConfiguration section */

/* Begin XCConfigurationList section */
		04FF69B628717B2E00FBF6E9 /* Build configuration list for PBXProject "GHFollowers Application" */ = {
			isa = XCConfigurationList;
			buildConfigurations = (
				04FF69CD28717B3000FBF6E9 /* Debug */,
				04FF69CE28717B3000FBF6E9 /* Release */,
			);
			defaultConfigurationIsVisible = 0;
			defaultConfigurationName = Release;
		};
		04FF69CF28717B3000FBF6E9 /* Build configuration list for PBXNativeTarget "GHFollowers Application" */ = {
			isa = XCConfigurationList;
			buildConfigurations = (
				04FF69D028717B3000FBF6E9 /* Debug */,
				04FF69D128717B3000FBF6E9 /* Release */,
			);
			defaultConfigurationIsVisible = 0;
			defaultConfigurationName = Release;
		};
/* End XCConfigurationList section */
	};
	rootObject = 04FF69B328717B2E00FBF6E9 /* Project object */;
}
